// !$*UTF8*$!
{
	archiveVersion = 1;
	classes = {
	};
	objectVersion = 56;
	objects = {

/* Begin PBXBuildFile section */
		930F87F42BCFD839000BE6E2 /* LeaderboardView.swift in Sources */ = {isa = PBXBuildFile; fileRef = 930F87F32BCFD839000BE6E2 /* LeaderboardView.swift */; };
		934FE4902BBB69F80043041D /* Game.swift in Sources */ = {isa = PBXBuildFile; fileRef = 934FE48F2BBB69F80043041D /* Game.swift */; };
		934FE4982BBB6EBE0043041D /* BullseyeTests.swift in Sources */ = {isa = PBXBuildFile; fileRef = 934FE4972BBB6EBE0043041D /* BullseyeTests.swift */; };
		93560FF82BC5C45D000D161E /* Constants.swift in Sources */ = {isa = PBXBuildFile; fileRef = 93560FF72BC5C45D000D161E /* Constants.swift */; };
		935F54BF2BC33575004EB437 /* Shapes.swift in Sources */ = {isa = PBXBuildFile; fileRef = 935F54BE2BC33575004EB437 /* Shapes.swift */; };
		935F54C12BC33A75004EB437 /* RoundedViews.swift in Sources */ = {isa = PBXBuildFile; fileRef = 935F54C02BC33A75004EB437 /* RoundedViews.swift */; };
		935F54C32BC3425F004EB437 /* BackgroundView.swift in Sources */ = {isa = PBXBuildFile; fileRef = 935F54C22BC3425F004EB437 /* BackgroundView.swift */; };
		9384C7912BC1DC4D00F3AE1B /* TextViews.swift in Sources */ = {isa = PBXBuildFile; fileRef = 9384C7902BC1DC4D00F3AE1B /* TextViews.swift */; };
		93AB6E722BBA22BA00701B87 /* BullseyeApp.swift in Sources */ = {isa = PBXBuildFile; fileRef = 93AB6E712BBA22BA00701B87 /* BullseyeApp.swift */; };
		93AB6E742BBA22BA00701B87 /* ContentView.swift in Sources */ = {isa = PBXBuildFile; fileRef = 93AB6E732BBA22BA00701B87 /* ContentView.swift */; };
		93AB6E762BBA22BD00701B87 /* Assets.xcassets in Resources */ = {isa = PBXBuildFile; fileRef = 93AB6E752BBA22BD00701B87 /* Assets.xcassets */; };
		93AB6E792BBA22BD00701B87 /* Preview Assets.xcassets in Resources */ = {isa = PBXBuildFile; fileRef = 93AB6E782BBA22BD00701B87 /* Preview Assets.xcassets */; };
		93EE8F172BC55CF2007136BD /* PointsView.swift in Sources */ = {isa = PBXBuildFile; fileRef = 93EE8F162BC55CF2007136BD /* PointsView.swift */; };
/* End PBXBuildFile section */

/* Begin PBXContainerItemProxy section */
		934FE4992BBB6EBE0043041D /* PBXContainerItemProxy */ = {
			isa = PBXContainerItemProxy;
			containerPortal = 93AB6E662BBA22BA00701B87 /* Project object */;
			proxyType = 1;
			remoteGlobalIDString = 93AB6E6D2BBA22BA00701B87;
			remoteInfo = Bullseye;
		};
/* End PBXContainerItemProxy section */

/* Begin PBXFileReference section */
		930F87F32BCFD839000BE6E2 /* LeaderboardView.swift */ = {isa = PBXFileReference; lastKnownFileType = sourcecode.swift; path = LeaderboardView.swift; sourceTree = "<group>"; };
		934FE48F2BBB69F80043041D /* Game.swift */ = {isa = PBXFileReference; lastKnownFileType = sourcecode.swift; path = Game.swift; sourceTree = "<group>"; };
		934FE4952BBB6EBE0043041D /* BullseyeTests.xctest */ = {isa = PBXFileReference; explicitFileType = wrapper.cfbundle; includeInIndex = 0; path = BullseyeTests.xctest; sourceTree = BUILT_PRODUCTS_DIR; };
		934FE4972BBB6EBE0043041D /* BullseyeTests.swift */ = {isa = PBXFileReference; lastKnownFileType = sourcecode.swift; path = BullseyeTests.swift; sourceTree = "<group>"; };
		93560FF72BC5C45D000D161E /* Constants.swift */ = {isa = PBXFileReference; lastKnownFileType = sourcecode.swift; path = Constants.swift; sourceTree = "<group>"; };
		935F54BE2BC33575004EB437 /* Shapes.swift */ = {isa = PBXFileReference; lastKnownFileType = sourcecode.swift; path = Shapes.swift; sourceTree = "<group>"; };
		935F54C02BC33A75004EB437 /* RoundedViews.swift */ = {isa = PBXFileReference; lastKnownFileType = sourcecode.swift; path = RoundedViews.swift; sourceTree = "<group>"; };
		935F54C22BC3425F004EB437 /* BackgroundView.swift */ = {isa = PBXFileReference; lastKnownFileType = sourcecode.swift; path = BackgroundView.swift; sourceTree = "<group>"; };
		9384C7902BC1DC4D00F3AE1B /* TextViews.swift */ = {isa = PBXFileReference; lastKnownFileType = sourcecode.swift; path = TextViews.swift; sourceTree = "<group>"; };
		93AB6E6E2BBA22BA00701B87 /* Bullseye.app */ = {isa = PBXFileReference; explicitFileType = wrapper.application; includeInIndex = 0; path = Bullseye.app; sourceTree = BUILT_PRODUCTS_DIR; };
		93AB6E712BBA22BA00701B87 /* BullseyeApp.swift */ = {isa = PBXFileReference; lastKnownFileType = sourcecode.swift; path = BullseyeApp.swift; sourceTree = "<group>"; };
		93AB6E732BBA22BA00701B87 /* ContentView.swift */ = {isa = PBXFileReference; lastKnownFileType = sourcecode.swift; path = ContentView.swift; sourceTree = "<group>"; };
		93AB6E752BBA22BD00701B87 /* Assets.xcassets */ = {isa = PBXFileReference; lastKnownFileType = folder.assetcatalog; path = Assets.xcassets; sourceTree = "<group>"; };
		93AB6E782BBA22BD00701B87 /* Preview Assets.xcassets */ = {isa = PBXFileReference; lastKnownFileType = folder.assetcatalog; path = "Preview Assets.xcassets"; sourceTree = "<group>"; };
		93EE8F162BC55CF2007136BD /* PointsView.swift */ = {isa = PBXFileReference; lastKnownFileType = sourcecode.swift; path = PointsView.swift; sourceTree = "<group>"; };
/* End PBXFileReference section */

/* Begin PBXFrameworksBuildPhase section */
		934FE4922BBB6EBE0043041D /* Frameworks */ = {
			isa = PBXFrameworksBuildPhase;
			buildActionMask = 2147483647;
			files = (
			);
			runOnlyForDeploymentPostprocessing = 0;
		};
		93AB6E6B2BBA22BA00701B87 /* Frameworks */ = {
			isa = PBXFrameworksBuildPhase;
			buildActionMask = 2147483647;
			files = (
			);
			runOnlyForDeploymentPostprocessing = 0;
		};
/* End PBXFrameworksBuildPhase section */

/* Begin PBXGroup section */
		934FE48B2BBB698F0043041D /* Models */ = {
			isa = PBXGroup;
			children = (
				934FE48F2BBB69F80043041D /* Game.swift */,
				93560FF72BC5C45D000D161E /* Constants.swift */,
			);
			path = Models;
			sourceTree = "<group>";
		};
		934FE48D2BBB69AA0043041D /* Views */ = {
			isa = PBXGroup;
			children = (
				93AB6E732BBA22BA00701B87 /* ContentView.swift */,
				9384C7902BC1DC4D00F3AE1B /* TextViews.swift */,
				935F54BE2BC33575004EB437 /* Shapes.swift */,
				935F54C02BC33A75004EB437 /* RoundedViews.swift */,
				935F54C22BC3425F004EB437 /* BackgroundView.swift */,
				93EE8F162BC55CF2007136BD /* PointsView.swift */,
				930F87F32BCFD839000BE6E2 /* LeaderboardView.swift */,
			);
			path = Views;
			sourceTree = "<group>";
		};
		934FE48E2BBB69CE0043041D /* App */ = {
			isa = PBXGroup;
			children = (
				93AB6E712BBA22BA00701B87 /* BullseyeApp.swift */,
				93AB6E752BBA22BD00701B87 /* Assets.xcassets */,
			);
			path = App;
			sourceTree = "<group>";
		};
		934FE4962BBB6EBE0043041D /* BullseyeTests */ = {
			isa = PBXGroup;
			children = (
				934FE4972BBB6EBE0043041D /* BullseyeTests.swift */,
			);
			path = BullseyeTests;
			sourceTree = "<group>";
		};
		93AB6E652BBA22BA00701B87 = {
			isa = PBXGroup;
			children = (
				93AB6E702BBA22BA00701B87 /* Bullseye */,
				934FE4962BBB6EBE0043041D /* BullseyeTests */,
				93AB6E6F2BBA22BA00701B87 /* Products */,
			);
			sourceTree = "<group>";
		};
		93AB6E6F2BBA22BA00701B87 /* Products */ = {
			isa = PBXGroup;
			children = (
				93AB6E6E2BBA22BA00701B87 /* Bullseye.app */,
				934FE4952BBB6EBE0043041D /* BullseyeTests.xctest */,
			);
			name = Products;
			sourceTree = "<group>";
		};
		93AB6E702BBA22BA00701B87 /* Bullseye */ = {
			isa = PBXGroup;
			children = (
				934FE48D2BBB69AA0043041D /* Views */,
				934FE48E2BBB69CE0043041D /* App */,
				934FE48B2BBB698F0043041D /* Models */,
				93AB6E772BBA22BD00701B87 /* Preview Content */,
			);
			path = Bullseye;
			sourceTree = "<group>";
		};
		93AB6E772BBA22BD00701B87 /* Preview Content */ = {
			isa = PBXGroup;
			children = (
				93AB6E782BBA22BD00701B87 /* Preview Assets.xcassets */,
			);
			path = "Preview Content";
			sourceTree = "<group>";
		};
/* End PBXGroup section */

/* Begin PBXNativeTarget section */
		934FE4942BBB6EBE0043041D /* BullseyeTests */ = {
			isa = PBXNativeTarget;
			buildConfigurationList = 934FE49B2BBB6EBE0043041D /* Build configuration list for PBXNativeTarget "BullseyeTests" */;
			buildPhases = (
				934FE4912BBB6EBE0043041D /* Sources */,
				934FE4922BBB6EBE0043041D /* Frameworks */,
				934FE4932BBB6EBE0043041D /* Resources */,
			);
			buildRules = (
			);
			dependencies = (
				934FE49A2BBB6EBE0043041D /* PBXTargetDependency */,
			);
			name = BullseyeTests;
			productName = BullseyeTests;
			productReference = 934FE4952BBB6EBE0043041D /* BullseyeTests.xctest */;
			productType = "com.apple.product-type.bundle.unit-test";
		};
		93AB6E6D2BBA22BA00701B87 /* Bullseye */ = {
			isa = PBXNativeTarget;
			buildConfigurationList = 93AB6E7C2BBA22BD00701B87 /* Build configuration list for PBXNativeTarget "Bullseye" */;
			buildPhases = (
				93AB6E6A2BBA22BA00701B87 /* Sources */,
				93AB6E6B2BBA22BA00701B87 /* Frameworks */,
				93AB6E6C2BBA22BA00701B87 /* Resources */,
			);
			buildRules = (
			);
			dependencies = (
			);
			name = Bullseye;
			productName = Bullseye;
			productReference = 93AB6E6E2BBA22BA00701B87 /* Bullseye.app */;
			productType = "com.apple.product-type.application";
		};
/* End PBXNativeTarget section */

/* Begin PBXProject section */
		93AB6E662BBA22BA00701B87 /* Project object */ = {
			isa = PBXProject;
			attributes = {
				BuildIndependentTargetsInParallel = 1;
				LastSwiftUpdateCheck = 1520;
				LastUpgradeCheck = 1520;
				TargetAttributes = {
					934FE4942BBB6EBE0043041D = {
						CreatedOnToolsVersion = 15.2;
						TestTargetID = 93AB6E6D2BBA22BA00701B87;
					};
					93AB6E6D2BBA22BA00701B87 = {
						CreatedOnToolsVersion = 15.2;
					};
				};
			};
			buildConfigurationList = 93AB6E692BBA22BA00701B87 /* Build configuration list for PBXProject "Bullseye" */;
			compatibilityVersion = "Xcode 14.0";
			developmentRegion = en;
			hasScannedForEncodings = 0;
			knownRegions = (
				en,
				Base,
			);
			mainGroup = 93AB6E652BBA22BA00701B87;
			productRefGroup = 93AB6E6F2BBA22BA00701B87 /* Products */;
			projectDirPath = "";
			projectRoot = "";
			targets = (
				93AB6E6D2BBA22BA00701B87 /* Bullseye */,
				934FE4942BBB6EBE0043041D /* BullseyeTests */,
			);
		};
/* End PBXProject section */

/* Begin PBXResourcesBuildPhase section */
		934FE4932BBB6EBE0043041D /* Resources */ = {
			isa = PBXResourcesBuildPhase;
			buildActionMask = 2147483647;
			files = (
			);
			runOnlyForDeploymentPostprocessing = 0;
		};
		93AB6E6C2BBA22BA00701B87 /* Resources */ = {
			isa = PBXResourcesBuildPhase;
			buildActionMask = 2147483647;
			files = (
				93AB6E792BBA22BD00701B87 /* Preview Assets.xcassets in Resources */,
				93AB6E762BBA22BD00701B87 /* Assets.xcassets in Resources */,
			);
			runOnlyForDeploymentPostprocessing = 0;
		};
/* End PBXResourcesBuildPhase section */

/* Begin PBXSourcesBuildPhase section */
		934FE4912BBB6EBE0043041D /* Sources */ = {
			isa = PBXSourcesBuildPhase;
			buildActionMask = 2147483647;
			files = (
				934FE4982BBB6EBE0043041D /* BullseyeTests.swift in Sources */,
			);
			runOnlyForDeploymentPostprocessing = 0;
		};
		93AB6E6A2BBA22BA00701B87 /* Sources */ = {
			isa = PBXSourcesBuildPhase;
			buildActionMask = 2147483647;
			files = (
				935F54C12BC33A75004EB437 /* RoundedViews.swift in Sources */,
				93AB6E742BBA22BA00701B87 /* ContentView.swift in Sources */,
				9384C7912BC1DC4D00F3AE1B /* TextViews.swift in Sources */,
				93EE8F172BC55CF2007136BD /* PointsView.swift in Sources */,
				935F54C32BC3425F004EB437 /* BackgroundView.swift in Sources */,
				935F54BF2BC33575004EB437 /* Shapes.swift in Sources */,
				930F87F42BCFD839000BE6E2 /* LeaderboardView.swift in Sources */,
				934FE4902BBB69F80043041D /* Game.swift in Sources */,
				93AB6E722BBA22BA00701B87 /* BullseyeApp.swift in Sources */,
				93560FF82BC5C45D000D161E /* Constants.swift in Sources */,
			);
			runOnlyForDeploymentPostprocessing = 0;
		};
/* End PBXSourcesBuildPhase section */

/* Begin PBXTargetDependency section */
		934FE49A2BBB6EBE0043041D /* PBXTargetDependency */ = {
			isa = PBXTargetDependency;
			target = 93AB6E6D2BBA22BA00701B87 /* Bullseye */;
			targetProxy = 934FE4992BBB6EBE0043041D /* PBXContainerItemProxy */;
		};
/* End PBXTargetDependency section */

/* Begin XCBuildConfiguration section */
		934FE49C2BBB6EBE0043041D /* Debug */ = {
			isa = XCBuildConfiguration;
			buildSettings = {
				BUNDLE_LOADER = "$(TEST_HOST)";
				CODE_SIGN_STYLE = Automatic;
				CURRENT_PROJECT_VERSION = 1;
				DEVELOPMENT_TEAM = 3997YYS4BJ;
				GENERATE_INFOPLIST_FILE = YES;
				IPHONEOS_DEPLOYMENT_TARGET = 17.2;
				MACOSX_DEPLOYMENT_TARGET = 13.5;
				MARKETING_VERSION = 1.0;
				PRODUCT_BUNDLE_IDENTIFIER = neon.27.BullseyeTests;
				PRODUCT_NAME = "$(TARGET_NAME)";
				SDKROOT = auto;
				SUPPORTED_PLATFORMS = "iphoneos iphonesimulator macosx";
				SWIFT_EMIT_LOC_STRINGS = NO;
				SWIFT_VERSION = 5.0;
				TARGETED_DEVICE_FAMILY = "1,2";
				TEST_HOST = "$(BUILT_PRODUCTS_DIR)/Bullseye.app/$(BUNDLE_EXECUTABLE_FOLDER_PATH)/Bullseye";
			};
			name = Debug;
		};
		934FE49D2BBB6EBE0043041D /* Release */ = {
			isa = XCBuildConfiguration;
			buildSettings = {
				BUNDLE_LOADER = "$(TEST_HOST)";
				CODE_SIGN_STYLE = Automatic;
				CURRENT_PROJECT_VERSION = 1;
				DEVELOPMENT_TEAM = 3997YYS4BJ;
				GENERATE_INFOPLIST_FILE = YES;
				IPHONEOS_DEPLOYMENT_TARGET = 17.2;
				MACOSX_DEPLOYMENT_TARGET = 13.5;
				MARKETING_VERSION = 1.0;
				PRODUCT_BUNDLE_IDENTIFIER = neon.27.BullseyeTests;
				PRODUCT_NAME = "$(TARGET_NAME)";
				SDKROOT = auto;
				SUPPORTED_PLATFORMS = "iphoneos iphonesimulator macosx";
				SWIFT_EMIT_LOC_STRINGS = NO;
				SWIFT_VERSION = 5.0;
				TARGETED_DEVICE_FAMILY = "1,2";
				TEST_HOST = "$(BUILT_PRODUCTS_DIR)/Bullseye.app/$(BUNDLE_EXECUTABLE_FOLDER_PATH)/Bullseye";
			};
			name = Release;
		};
		93AB6E7A2BBA22BD00701B87 /* Debug */ = {
			isa = XCBuildConfiguration;
			buildSettings = {
				ALWAYS_SEARCH_USER_PATHS = NO;
				ASSETCATALOG_COMPILER_GENERATE_SWIFT_ASSET_SYMBOL_EXTENSIONS = YES;
				CLANG_ANALYZER_NONNULL = YES;
				CLANG_ANALYZER_NUMBER_OBJECT_CONVERSION = YES_AGGRESSIVE;
				CLANG_CXX_LANGUAGE_STANDARD = "gnu++20";
				CLANG_ENABLE_MODULES = YES;
				CLANG_ENABLE_OBJC_ARC = YES;
				CLANG_ENABLE_OBJC_WEAK = YES;
				CLANG_WARN_BLOCK_CAPTURE_AUTORELEASING = YES;
				CLANG_WARN_BOOL_CONVERSION = YES;
				CLANG_WARN_COMMA = YES;
				CLANG_WARN_CONSTANT_CONVERSION = YES;
				CLANG_WARN_DEPRECATED_OBJC_IMPLEMENTATIONS = YES;
				CLANG_WARN_DIRECT_OBJC_ISA_USAGE = YES_ERROR;
				CLANG_WARN_DOCUMENTATION_COMMENTS = YES;
				CLANG_WARN_EMPTY_BODY = YES;
				CLANG_WARN_ENUM_CONVERSION = YES;
				CLANG_WARN_INFINITE_RECURSION = YES;
				CLANG_WARN_INT_CONVERSION = YES;
				CLANG_WARN_NON_LITERAL_NULL_CONVERSION = YES;
				CLANG_WARN_OBJC_IMPLICIT_RETAIN_SELF = YES;
				CLANG_WARN_OBJC_LITERAL_CONVERSION = YES;
				CLANG_WARN_OBJC_ROOT_CLASS = YES_ERROR;
				CLANG_WARN_QUOTED_INCLUDE_IN_FRAMEWORK_HEADER = YES;
				CLANG_WARN_RANGE_LOOP_ANALYSIS = YES;
				CLANG_WARN_STRICT_PROTOTYPES = YES;
				CLANG_WARN_SUSPICIOUS_MOVE = YES;
				CLANG_WARN_UNGUARDED_AVAILABILITY = YES_AGGRESSIVE;
				CLANG_WARN_UNREACHABLE_CODE = YES;
				CLANG_WARN__DUPLICATE_METHOD_MATCH = YES;
				COPY_PHASE_STRIP = NO;
				DEBUG_INFORMATION_FORMAT = dwarf;
				ENABLE_STRICT_OBJC_MSGSEND = YES;
				ENABLE_TESTABILITY = YES;
				ENABLE_USER_SCRIPT_SANDBOXING = YES;
				GCC_C_LANGUAGE_STANDARD = gnu17;
				GCC_DYNAMIC_NO_PIC = NO;
				GCC_NO_COMMON_BLOCKS = YES;
				GCC_OPTIMIZATION_LEVEL = 0;
				GCC_PREPROCESSOR_DEFINITIONS = (
					"DEBUG=1",
					"$(inherited)",
				);
				GCC_WARN_64_TO_32_BIT_CONVERSION = YES;
				GCC_WARN_ABOUT_RETURN_TYPE = YES_ERROR;
				GCC_WARN_UNDECLARED_SELECTOR = YES;
				GCC_WARN_UNINITIALIZED_AUTOS = YES_AGGRESSIVE;
				GCC_WARN_UNUSED_FUNCTION = YES;
				GCC_WARN_UNUSED_VARIABLE = YES;
				IPHONEOS_DEPLOYMENT_TARGET = 17.2;
				LOCALIZATION_PREFERS_STRING_CATALOGS = YES;
				MTL_ENABLE_DEBUG_INFO = INCLUDE_SOURCE;
				MTL_FAST_MATH = YES;
				ONLY_ACTIVE_ARCH = YES;
				SDKROOT = iphoneos;
				SWIFT_ACTIVE_COMPILATION_CONDITIONS = "DEBUG $(inherited)";
				SWIFT_OPTIMIZATION_LEVEL = "-Onone";
			};
			name = Debug;
		};
		93AB6E7B2BBA22BD00701B87 /* Release */ = {
			isa = XCBuildConfiguration;
			buildSettings = {
				ALWAYS_SEARCH_USER_PATHS = NO;
				ASSETCATALOG_COMPILER_GENERATE_SWIFT_ASSET_SYMBOL_EXTENSIONS = YES;
				CLANG_ANALYZER_NONNULL = YES;
				CLANG_ANALYZER_NUMBER_OBJECT_CONVERSION = YES_AGGRESSIVE;
				CLANG_CXX_LANGUAGE_STANDARD = "gnu++20";
				CLANG_ENABLE_MODULES = YES;
				CLANG_ENABLE_OBJC_ARC = YES;
				CLANG_ENABLE_OBJC_WEAK = YES;
				CLANG_WARN_BLOCK_CAPTURE_AUTORELEASING = YES;
				CLANG_WARN_BOOL_CONVERSION = YES;
				CLANG_WARN_COMMA = YES;
				CLANG_WARN_CONSTANT_CONVERSION = YES;
				CLANG_WARN_DEPRECATED_OBJC_IMPLEMENTATIONS = YES;
				CLANG_WARN_DIRECT_OBJC_ISA_USAGE = YES_ERROR;
				CLANG_WARN_DOCUMENTATION_COMMENTS = YES;
				CLANG_WARN_EMPTY_BODY = YES;
				CLANG_WARN_ENUM_CONVERSION = YES;
				CLANG_WARN_INFINITE_RECURSION = YES;
				CLANG_WARN_INT_CONVERSION = YES;
				CLANG_WARN_NON_LITERAL_NULL_CONVERSION = YES;
				CLANG_WARN_OBJC_IMPLICIT_RETAIN_SELF = YES;
				CLANG_WARN_OBJC_LITERAL_CONVERSION = YES;
				CLANG_WARN_OBJC_ROOT_CLASS = YES_ERROR;
				CLANG_WARN_QUOTED_INCLUDE_IN_FRAMEWORK_HEADER = YES;
				CLANG_WARN_RANGE_LOOP_ANALYSIS = YES;
				CLANG_WARN_STRICT_PROTOTYPES = YES;
				CLANG_WARN_SUSPICIOUS_MOVE = YES;
				CLANG_WARN_UNGUARDED_AVAILABILITY = YES_AGGRESSIVE;
				CLANG_WARN_UNREACHABLE_CODE = YES;
				CLANG_WARN__DUPLICATE_METHOD_MATCH = YES;
				COPY_PHASE_STRIP = NO;
				DEBUG_INFORMATION_FORMAT = "dwarf-with-dsym";
				ENABLE_NS_ASSERTIONS = NO;
				ENABLE_STRICT_OBJC_MSGSEND = YES;
				ENABLE_USER_SCRIPT_SANDBOXING = YES;
				GCC_C_LANGUAGE_STANDARD = gnu17;
				GCC_NO_COMMON_BLOCKS = YES;
				GCC_WARN_64_TO_32_BIT_CONVERSION = YES;
				GCC_WARN_ABOUT_RETURN_TYPE = YES_ERROR;
				GCC_WARN_UNDECLARED_SELECTOR = YES;
				GCC_WARN_UNINITIALIZED_AUTOS = YES_AGGRESSIVE;
				GCC_WARN_UNUSED_FUNCTION = YES;
				GCC_WARN_UNUSED_VARIABLE = YES;
				IPHONEOS_DEPLOYMENT_TARGET = 17.2;
				LOCALIZATION_PREFERS_STRING_CATALOGS = YES;
				MTL_ENABLE_DEBUG_INFO = NO;
				MTL_FAST_MATH = YES;
				SDKROOT = iphoneos;
				SWIFT_COMPILATION_MODE = wholemodule;
				VALIDATE_PRODUCT = YES;
			};
			name = Release;
		};
		93AB6E7D2BBA22BD00701B87 /* Debug */ = {
			isa = XCBuildConfiguration;
			buildSettings = {
				ASSETCATALOG_COMPILER_APPICON_NAME = AppIcon;
				ASSETCATALOG_COMPILER_GLOBAL_ACCENT_COLOR_NAME = AccentColor;
				CODE_SIGN_STYLE = Automatic;
				CURRENT_PROJECT_VERSION = 1;
				DEVELOPMENT_ASSET_PATHS = "\"Bullseye/Preview Content\"";
				DEVELOPMENT_TEAM = 3997YYS4BJ;
				ENABLE_PREVIEWS = YES;
				GENERATE_INFOPLIST_FILE = YES;
				INFOPLIST_KEY_CFBundleDisplayName = "Bull's Eye";
				INFOPLIST_KEY_UIApplicationSceneManifest_Generation = YES;
				INFOPLIST_KEY_UIApplicationSupportsIndirectInputEvents = YES;
				INFOPLIST_KEY_UILaunchScreen_Generation = YES;
				INFOPLIST_KEY_UISupportedInterfaceOrientations_iPad = "UIInterfaceOrientationPortrait UIInterfaceOrientationPortraitUpsideDown UIInterfaceOrientationLandscapeLeft UIInterfaceOrientationLandscapeRight";
				INFOPLIST_KEY_UISupportedInterfaceOrientations_iPhone = "UIInterfaceOrientationPortrait UIInterfaceOrientationLandscapeLeft UIInterfaceOrientationLandscapeRight";
				LD_RUNPATH_SEARCH_PATHS = (
					"$(inherited)",
					"@executable_path/Frameworks",
				);
				MARKETING_VERSION = 1.0;
				PRODUCT_BUNDLE_IDENTIFIER = neon.27.Bullseye;
				PRODUCT_NAME = "$(TARGET_NAME)";
				SWIFT_EMIT_LOC_STRINGS = YES;
				SWIFT_VERSION = 5.0;
				TARGETED_DEVICE_FAMILY = "1,2";
			};
			name = Debug;
		};
		93AB6E7E2BBA22BD00701B87 /* Release */ = {
			isa = XCBuildConfiguration;
			buildSettings = {
				ASSETCATALOG_COMPILER_APPICON_NAME = AppIcon;
				ASSETCATALOG_COMPILER_GLOBAL_ACCENT_COLOR_NAME = AccentColor;
				CODE_SIGN_STYLE = Automatic;
				CURRENT_PROJECT_VERSION = 1;
				DEVELOPMENT_ASSET_PATHS = "\"Bullseye/Preview Content\"";
				DEVELOPMENT_TEAM = 3997YYS4BJ;
				ENABLE_PREVIEWS = YES;
				GENERATE_INFOPLIST_FILE = YES;
				INFOPLIST_KEY_CFBundleDisplayName = "Bull's Eye";
				INFOPLIST_KEY_UIApplicationSceneManifest_Generation = YES;
				INFOPLIST_KEY_UIApplicationSupportsIndirectInputEvents = YES;
				INFOPLIST_KEY_UILaunchScreen_Generation = YES;
				INFOPLIST_KEY_UISupportedInterfaceOrientations_iPad = "UIInterfaceOrientationPortrait UIInterfaceOrientationPortraitUpsideDown UIInterfaceOrientationLandscapeLeft UIInterfaceOrientationLandscapeRight";
				INFOPLIST_KEY_UISupportedInterfaceOrientations_iPhone = "UIInterfaceOrientationPortrait UIInterfaceOrientationLandscapeLeft UIInterfaceOrientationLandscapeRight";
				LD_RUNPATH_SEARCH_PATHS = (
					"$(inherited)",
					"@executable_path/Frameworks",
				);
				MARKETING_VERSION = 1.0;
				PRODUCT_BUNDLE_IDENTIFIER = neon.27.Bullseye;
				PRODUCT_NAME = "$(TARGET_NAME)";
				SWIFT_EMIT_LOC_STRINGS = YES;
				SWIFT_VERSION = 5.0;
				TARGETED_DEVICE_FAMILY = "1,2";
			};
			name = Release;
		};
/* End XCBuildConfiguration section */

/* Begin XCConfigurationList section */
		934FE49B2BBB6EBE0043041D /* Build configuration list for PBXNativeTarget "BullseyeTests" */ = {
			isa = XCConfigurationList;
			buildConfigurations = (
				934FE49C2BBB6EBE0043041D /* Debug */,
				934FE49D2BBB6EBE0043041D /* Release */,
			);
			defaultConfigurationIsVisible = 0;
			defaultConfigurationName = Release;
		};
		93AB6E692BBA22BA00701B87 /* Build configuration list for PBXProject "Bullseye" */ = {
			isa = XCConfigurationList;
			buildConfigurations = (
				93AB6E7A2BBA22BD00701B87 /* Debug */,
				93AB6E7B2BBA22BD00701B87 /* Release */,
			);
			defaultConfigurationIsVisible = 0;
			defaultConfigurationName = Release;
		};
		93AB6E7C2BBA22BD00701B87 /* Build configuration list for PBXNativeTarget "Bullseye" */ = {
			isa = XCConfigurationList;
			buildConfigurations = (
				93AB6E7D2BBA22BD00701B87 /* Debug */,
				93AB6E7E2BBA22BD00701B87 /* Release */,
			);
			defaultConfigurationIsVisible = 0;
			defaultConfigurationName = Release;
		};
/* End XCConfigurationList section */
	};
	rootObject = 93AB6E662BBA22BA00701B87 /* Project object */;
}
